// !$*UTF8*$!
{
	archiveVersion = 1;
	classes = {
	};
	objectVersion = 48;
	objects = {

/* Begin PBXBuildFile section */
		999085581FC38ECD00D83AAD /* GoogleVisionAPIManager.swift in Sources */ = {isa = PBXBuildFile; fileRef = 999085571FC38ECD00D83AAD /* GoogleVisionAPIManager.swift */; };
		99C7CC761FC9D88200C32FE0 /* ListTimelineViewController.swift in Sources */ = {isa = PBXBuildFile; fileRef = 99C7CC751FC9D88200C32FE0 /* ListTimelineViewController.swift */; };
		99C9B2DB1FBCF60900286FE6 /* MenuViewController.swift in Sources */ = {isa = PBXBuildFile; fileRef = 99C9B2DA1FBCF60900286FE6 /* MenuViewController.swift */; };
		99D776111FC20FD7009779DD /* PhotoIdentificationViewController.swift in Sources */ = {isa = PBXBuildFile; fileRef = 99D776101FC20FD7009779DD /* PhotoIdentificationViewController.swift */; };
		99DBDC841FC52241009BB5CE /* VisionResult.swift in Sources */ = {isa = PBXBuildFile; fileRef = 99DBDC831FC52241009BB5CE /* VisionResult.swift */; };
		99E87E571FC7C36500396553 /* DetailedDescriptionViewController.swift in Sources */ = {isa = PBXBuildFile; fileRef = 99E87E561FC7C36500396553 /* DetailedDescriptionViewController.swift */; };
		99E87E591FC7CD2900396553 /* WikipediaAPIManager.swift in Sources */ = {isa = PBXBuildFile; fileRef = 99E87E581FC7CD2900396553 /* WikipediaAPIManager.swift */; };
		99EA27911FBA79E0000D5B9A /* AppDelegate.swift in Sources */ = {isa = PBXBuildFile; fileRef = 99EA27901FBA79E0000D5B9A /* AppDelegate.swift */; };
		99EA27961FBA79E0000D5B9A /* Main.storyboard in Resources */ = {isa = PBXBuildFile; fileRef = 99EA27941FBA79E0000D5B9A /* Main.storyboard */; };
		99EA27981FBA79E0000D5B9A /* Assets.xcassets in Resources */ = {isa = PBXBuildFile; fileRef = 99EA27971FBA79E0000D5B9A /* Assets.xcassets */; };
		99EA279B1FBA79E0000D5B9A /* LaunchScreen.storyboard in Resources */ = {isa = PBXBuildFile; fileRef = 99EA27991FBA79E0000D5B9A /* LaunchScreen.storyboard */; };
		AD62F66F1CD68628CFF9CEE6 /* Pods_whatsThat.framework in Frameworks */ = {isa = PBXBuildFile; fileRef = 41FFE67D8D94E5B00405BABE /* Pods_whatsThat.framework */; };
/* End PBXBuildFile section */

/* Begin PBXFileReference section */
		41FFE67D8D94E5B00405BABE /* Pods_whatsThat.framework */ = {isa = PBXFileReference; explicitFileType = wrapper.framework; includeInIndex = 0; path = Pods_whatsThat.framework; sourceTree = BUILT_PRODUCTS_DIR; };
		999085571FC38ECD00D83AAD /* GoogleVisionAPIManager.swift */ = {isa = PBXFileReference; lastKnownFileType = sourcecode.swift; path = GoogleVisionAPIManager.swift; sourceTree = "<group>"; };
		99C7CC741FC9D3A500C32FE0 /* Objective-C-Bridging-Header.h */ = {isa = PBXFileReference; lastKnownFileType = sourcecode.c.h; path = "Objective-C-Bridging-Header.h"; sourceTree = "<group>"; };
		99C7CC751FC9D88200C32FE0 /* ListTimelineViewController.swift */ = {isa = PBXFileReference; lastKnownFileType = sourcecode.swift; path = ListTimelineViewController.swift; sourceTree = "<group>"; };
		99C9B2DA1FBCF60900286FE6 /* MenuViewController.swift */ = {isa = PBXFileReference; lastKnownFileType = sourcecode.swift; path = MenuViewController.swift; sourceTree = "<group>"; };
		99D776101FC20FD7009779DD /* PhotoIdentificationViewController.swift */ = {isa = PBXFileReference; lastKnownFileType = sourcecode.swift; path = PhotoIdentificationViewController.swift; sourceTree = "<group>"; };
		99DBDC831FC52241009BB5CE /* VisionResult.swift */ = {isa = PBXFileReference; lastKnownFileType = sourcecode.swift; path = VisionResult.swift; sourceTree = "<group>"; };
		99E87E561FC7C36500396553 /* DetailedDescriptionViewController.swift */ = {isa = PBXFileReference; lastKnownFileType = sourcecode.swift; path = DetailedDescriptionViewController.swift; sourceTree = "<group>"; };
		99E87E581FC7CD2900396553 /* WikipediaAPIManager.swift */ = {isa = PBXFileReference; lastKnownFileType = sourcecode.swift; path = WikipediaAPIManager.swift; sourceTree = "<group>"; };
		99EA278D1FBA79E0000D5B9A /* whatsThat.app */ = {isa = PBXFileReference; explicitFileType = wrapper.application; includeInIndex = 0; path = whatsThat.app; sourceTree = BUILT_PRODUCTS_DIR; };
		99EA27901FBA79E0000D5B9A /* AppDelegate.swift */ = {isa = PBXFileReference; lastKnownFileType = sourcecode.swift; path = AppDelegate.swift; sourceTree = "<group>"; };
		99EA27951FBA79E0000D5B9A /* Base */ = {isa = PBXFileReference; lastKnownFileType = file.storyboard; name = Base; path = Base.lproj/Main.storyboard; sourceTree = "<group>"; };
		99EA27971FBA79E0000D5B9A /* Assets.xcassets */ = {isa = PBXFileReference; lastKnownFileType = folder.assetcatalog; path = Assets.xcassets; sourceTree = "<group>"; };
		99EA279A1FBA79E0000D5B9A /* Base */ = {isa = PBXFileReference; lastKnownFileType = file.storyboard; name = Base; path = Base.lproj/LaunchScreen.storyboard; sourceTree = "<group>"; };
		99EA279C1FBA79E0000D5B9A /* Info.plist */ = {isa = PBXFileReference; lastKnownFileType = text.plist.xml; path = Info.plist; sourceTree = "<group>"; };
		A733EEA05662CE1D329837A1 /* Pods-whatsThat.release.xcconfig */ = {isa = PBXFileReference; includeInIndex = 1; lastKnownFileType = text.xcconfig; name = "Pods-whatsThat.release.xcconfig"; path = "Pods/Target Support Files/Pods-whatsThat/Pods-whatsThat.release.xcconfig"; sourceTree = "<group>"; };
		EE700991C2C1962B853D9C93 /* Pods-whatsThat.debug.xcconfig */ = {isa = PBXFileReference; includeInIndex = 1; lastKnownFileType = text.xcconfig; name = "Pods-whatsThat.debug.xcconfig"; path = "Pods/Target Support Files/Pods-whatsThat/Pods-whatsThat.debug.xcconfig"; sourceTree = "<group>"; };
/* End PBXFileReference section */

/* Begin PBXFrameworksBuildPhase section */
		99EA278A1FBA79E0000D5B9A /* Frameworks */ = {
			isa = PBXFrameworksBuildPhase;
			buildActionMask = 2147483647;
			files = (
				AD62F66F1CD68628CFF9CEE6 /* Pods_whatsThat.framework in Frameworks */,
			);
			runOnlyForDeploymentPostprocessing = 0;
		};
/* End PBXFrameworksBuildPhase section */

/* Begin PBXGroup section */
		0142F339FC3BAB52DAA89255 /* Pods */ = {
			isa = PBXGroup;
			children = (
				EE700991C2C1962B853D9C93 /* Pods-whatsThat.debug.xcconfig */,
				A733EEA05662CE1D329837A1 /* Pods-whatsThat.release.xcconfig */,
			);
			name = Pods;
			sourceTree = "<group>";
		};
		999085561FC38E9F00D83AAD /* utils */ = {
			isa = PBXGroup;
			children = (
				999085571FC38ECD00D83AAD /* GoogleVisionAPIManager.swift */,
				99E87E581FC7CD2900396553 /* WikipediaAPIManager.swift */,
			);
			path = utils;
			sourceTree = "<group>";
		};
		99C9B2D91FBCF5E900286FE6 /* ViewController */ = {
			isa = PBXGroup;
			children = (
				99C9B2DA1FBCF60900286FE6 /* MenuViewController.swift */,
				99D776101FC20FD7009779DD /* PhotoIdentificationViewController.swift */,
				99E87E561FC7C36500396553 /* DetailedDescriptionViewController.swift */,
				99C7CC751FC9D88200C32FE0 /* ListTimelineViewController.swift */,
			);
			path = ViewController;
			sourceTree = "<group>";
		};
		99DBDC821FC521E3009BB5CE /* models */ = {
			isa = PBXGroup;
			children = (
				99DBDC831FC52241009BB5CE /* VisionResult.swift */,
			);
			path = models;
			sourceTree = "<group>";
		};
		99EA27841FBA79E0000D5B9A = {
			isa = PBXGroup;
			children = (
				99EA278F1FBA79E0000D5B9A /* whatsThat */,
				99EA278E1FBA79E0000D5B9A /* Products */,
				0142F339FC3BAB52DAA89255 /* Pods */,
				C3530DE449DD56B5720566FE /* Frameworks */,
			);
			sourceTree = "<group>";
		};
		99EA278E1FBA79E0000D5B9A /* Products */ = {
			isa = PBXGroup;
			children = (
				99EA278D1FBA79E0000D5B9A /* whatsThat.app */,
			);
			name = Products;
			sourceTree = "<group>";
		};
		99EA278F1FBA79E0000D5B9A /* whatsThat */ = {
			isa = PBXGroup;
			children = (
				99DBDC821FC521E3009BB5CE /* models */,
				999085561FC38E9F00D83AAD /* utils */,
				99C9B2D91FBCF5E900286FE6 /* ViewController */,
				99EA27901FBA79E0000D5B9A /* AppDelegate.swift */,
				99EA27941FBA79E0000D5B9A /* Main.storyboard */,
				99EA27971FBA79E0000D5B9A /* Assets.xcassets */,
				99EA27991FBA79E0000D5B9A /* LaunchScreen.storyboard */,
				99EA279C1FBA79E0000D5B9A /* Info.plist */,
				99C7CC741FC9D3A500C32FE0 /* Objective-C-Bridging-Header.h */,
			);
			path = whatsThat;
			sourceTree = "<group>";
		};
		C3530DE449DD56B5720566FE /* Frameworks */ = {
			isa = PBXGroup;
			children = (
				41FFE67D8D94E5B00405BABE /* Pods_whatsThat.framework */,
			);
			name = Frameworks;
			sourceTree = "<group>";
		};
/* End PBXGroup section */

/* Begin PBXNativeTarget section */
		99EA278C1FBA79E0000D5B9A /* whatsThat */ = {
			isa = PBXNativeTarget;
			buildConfigurationList = 99EA279F1FBA79E0000D5B9A /* Build configuration list for PBXNativeTarget "whatsThat" */;
			buildPhases = (
				88AC4A1150062B0DD2224FE6 /* [CP] Check Pods Manifest.lock */,
				99EA27891FBA79E0000D5B9A /* Sources */,
				99EA278A1FBA79E0000D5B9A /* Frameworks */,
				99EA278B1FBA79E0000D5B9A /* Resources */,
				4E9C5661EA57CF52DA9DDBE1 /* [CP] Embed Pods Frameworks */,
				A9C0AAA50793F3056A6BD056 /* [CP] Copy Pods Resources */,
			);
			buildRules = (
			);
			dependencies = (
			);
			name = whatsThat;
			productName = whatsThat;
			productReference = 99EA278D1FBA79E0000D5B9A /* whatsThat.app */;
			productType = "com.apple.product-type.application";
		};
/* End PBXNativeTarget section */

/* Begin PBXProject section */
		99EA27851FBA79E0000D5B9A /* Project object */ = {
			isa = PBXProject;
			attributes = {
				LastSwiftUpdateCheck = 0910;
				LastUpgradeCheck = 0910;
				ORGANIZATIONNAME = gwu;
				TargetAttributes = {
					99EA278C1FBA79E0000D5B9A = {
						CreatedOnToolsVersion = 9.1;
						ProvisioningStyle = Automatic;
					};
				};
			};
			buildConfigurationList = 99EA27881FBA79E0000D5B9A /* Build configuration list for PBXProject "whatsThat" */;
			compatibilityVersion = "Xcode 8.0";
			developmentRegion = en;
			hasScannedForEncodings = 0;
			knownRegions = (
				en,
				Base,
			);
			mainGroup = 99EA27841FBA79E0000D5B9A;
			productRefGroup = 99EA278E1FBA79E0000D5B9A /* Products */;
			projectDirPath = "";
			projectRoot = "";
			targets = (
				99EA278C1FBA79E0000D5B9A /* whatsThat */,
			);
		};
/* End PBXProject section */

/* Begin PBXResourcesBuildPhase section */
		99EA278B1FBA79E0000D5B9A /* Resources */ = {
			isa = PBXResourcesBuildPhase;
			buildActionMask = 2147483647;
			files = (
				99EA279B1FBA79E0000D5B9A /* LaunchScreen.storyboard in Resources */,
				99EA27981FBA79E0000D5B9A /* Assets.xcassets in Resources */,
				99EA27961FBA79E0000D5B9A /* Main.storyboard in Resources */,
			);
			runOnlyForDeploymentPostprocessing = 0;
		};
/* End PBXResourcesBuildPhase section */

/* Begin PBXShellScriptBuildPhase section */
		4E9C5661EA57CF52DA9DDBE1 /* [CP] Embed Pods Frameworks */ = {
			isa = PBXShellScriptBuildPhase;
			buildActionMask = 2147483647;
			files = (
			);
			inputPaths = (
				"${SRCROOT}/Pods/Target Support Files/Pods-whatsThat/Pods-whatsThat-frameworks.sh",
				"${BUILT_PRODUCTS_DIR}/MBProgressHUD/MBProgressHUD.framework",
			);
			name = "[CP] Embed Pods Frameworks";
			outputPaths = (
				"${TARGET_BUILD_DIR}/${FRAMEWORKS_FOLDER_PATH}/MBProgressHUD.framework",
			);
			runOnlyForDeploymentPostprocessing = 0;
			shellPath = /bin/sh;
			shellScript = "\"${SRCROOT}/Pods/Target Support Files/Pods-whatsThat/Pods-whatsThat-frameworks.sh\"\n";
			showEnvVarsInLog = 0;
		};
		88AC4A1150062B0DD2224FE6 /* [CP] Check Pods Manifest.lock */ = {
			isa = PBXShellScriptBuildPhase;
			buildActionMask = 2147483647;
			files = (
			);
			inputPaths = (
				"${PODS_PODFILE_DIR_PATH}/Podfile.lock",
				"${PODS_ROOT}/Manifest.lock",
			);
			name = "[CP] Check Pods Manifest.lock";
			outputPaths = (
				"$(DERIVED_FILE_DIR)/Pods-whatsThat-checkManifestLockResult.txt",
			);
			runOnlyForDeploymentPostprocessing = 0;
			shellPath = /bin/sh;
			shellScript = "diff \"${PODS_PODFILE_DIR_PATH}/Podfile.lock\" \"${PODS_ROOT}/Manifest.lock\" > /dev/null\nif [ $? != 0 ] ; then\n    # print error to STDERR\n    echo \"error: The sandbox is not in sync with the Podfile.lock. Run 'pod install' or update your CocoaPods installation.\" >&2\n    exit 1\nfi\n# This output is used by Xcode 'outputs' to avoid re-running this script phase.\necho \"SUCCESS\" > \"${SCRIPT_OUTPUT_FILE_0}\"\n";
			showEnvVarsInLog = 0;
		};
		A9C0AAA50793F3056A6BD056 /* [CP] Copy Pods Resources */ = {
			isa = PBXShellScriptBuildPhase;
			buildActionMask = 2147483647;
			files = (
			);
			inputPaths = (
				"${SRCROOT}/Pods/Target Support Files/Pods-whatsThat/Pods-whatsThat-resources.sh",
				"${PODS_ROOT}/TwitterKit/iOS/TwitterKit.framework/TwitterKitResources.bundle",
				"${PODS_ROOT}/TwitterKit/iOS/TwitterKit.framework/TwitterShareExtensionUIResources.bundle",
			);
			name = "[CP] Copy Pods Resources";
			outputPaths = (
				"${TARGET_BUILD_DIR}/${UNLOCALIZED_RESOURCES_FOLDER_PATH}",
			);
			runOnlyForDeploymentPostprocessing = 0;
			shellPath = /bin/sh;
			shellScript = "\"${SRCROOT}/Pods/Target Support Files/Pods-whatsThat/Pods-whatsThat-resources.sh\"\n";
			showEnvVarsInLog = 0;
		};
/* End PBXShellScriptBuildPhase section */

/* Begin PBXSourcesBuildPhase section */
		99EA27891FBA79E0000D5B9A /* Sources */ = {
			isa = PBXSourcesBuildPhase;
			buildActionMask = 2147483647;
			files = (
				99DBDC841FC52241009BB5CE /* VisionResult.swift in Sources */,
				99C9B2DB1FBCF60900286FE6 /* MenuViewController.swift in Sources */,
				99C7CC761FC9D88200C32FE0 /* ListTimelineViewController.swift in Sources */,
				999085581FC38ECD00D83AAD /* GoogleVisionAPIManager.swift in Sources */,
				99E87E571FC7C36500396553 /* DetailedDescriptionViewController.swift in Sources */,
				99D776111FC20FD7009779DD /* PhotoIdentificationViewController.swift in Sources */,
				99EA27911FBA79E0000D5B9A /* AppDelegate.swift in Sources */,
				99E87E591FC7CD2900396553 /* WikipediaAPIManager.swift in Sources */,
			);
			runOnlyForDeploymentPostprocessing = 0;
		};
/* End PBXSourcesBuildPhase section */

/* Begin PBXVariantGroup section */
		99EA27941FBA79E0000D5B9A /* Main.storyboard */ = {
			isa = PBXVariantGroup;
			children = (
				99EA27951FBA79E0000D5B9A /* Base */,
			);
			name = Main.storyboard;
			sourceTree = "<group>";
		};
		99EA27991FBA79E0000D5B9A /* LaunchScreen.storyboard */ = {
			isa = PBXVariantGroup;
			children = (
				99EA279A1FBA79E0000D5B9A /* Base */,
			);
			name = LaunchScreen.storyboard;
			sourceTree = "<group>";
		};
/* End PBXVariantGroup section */

/* Begin XCBuildConfiguration section */
		99EA279D1FBA79E0000D5B9A /* Debug */ = {
			isa = XCBuildConfiguration;
			buildSettings = {
				ALWAYS_SEARCH_USER_PATHS = NO;
				CLANG_ANALYZER_NONNULL = YES;
				CLANG_ANALYZER_NUMBER_OBJECT_CONVERSION = YES_AGGRESSIVE;
				CLANG_CXX_LANGUAGE_STANDARD = "gnu++14";
				CLANG_CXX_LIBRARY = "libc++";
				CLANG_ENABLE_MODULES = YES;
				CLANG_ENABLE_OBJC_ARC = YES;
				CLANG_WARN_BLOCK_CAPTURE_AUTORELEASING = YES;
				CLANG_WARN_BOOL_CONVERSION = YES;
				CLANG_WARN_COMMA = YES;
				CLANG_WARN_CONSTANT_CONVERSION = YES;
				CLANG_WARN_DIRECT_OBJC_ISA_USAGE = YES_ERROR;
				CLANG_WARN_DOCUMENTATION_COMMENTS = YES;
				CLANG_WARN_EMPTY_BODY = YES;
				CLANG_WARN_ENUM_CONVERSION = YES;
				CLANG_WARN_INFINITE_RECURSION = YES;
				CLANG_WARN_INT_CONVERSION = YES;
				CLANG_WARN_NON_LITERAL_NULL_CONVERSION = YES;
				CLANG_WARN_OBJC_LITERAL_CONVERSION = YES;
				CLANG_WARN_OBJC_ROOT_CLASS = YES_ERROR;
				CLANG_WARN_RANGE_LOOP_ANALYSIS = YES;
				CLANG_WARN_STRICT_PROTOTYPES = YES;
				CLANG_WARN_SUSPICIOUS_MOVE = YES;
				CLANG_WARN_UNGUARDED_AVAILABILITY = YES_AGGRESSIVE;
				CLANG_WARN_UNREACHABLE_CODE = YES;
				CLANG_WARN__DUPLICATE_METHOD_MATCH = YES;
				CODE_SIGN_IDENTITY = "iPhone Developer";
				COPY_PHASE_STRIP = NO;
				DEBUG_INFORMATION_FORMAT = dwarf;
				ENABLE_STRICT_OBJC_MSGSEND = YES;
				ENABLE_TESTABILITY = YES;
				GCC_C_LANGUAGE_STANDARD = gnu11;
				GCC_DYNAMIC_NO_PIC = NO;
				GCC_NO_COMMON_BLOCKS = YES;
				GCC_OPTIMIZATION_LEVEL = 0;
				GCC_PREPROCESSOR_DEFINITIONS = (
					"DEBUG=1",
					"$(inherited)",
				);
				GCC_WARN_64_TO_32_BIT_CONVERSION = YES;
				GCC_WARN_ABOUT_RETURN_TYPE = YES_ERROR;
				GCC_WARN_UNDECLARED_SELECTOR = YES;
				GCC_WARN_UNINITIALIZED_AUTOS = YES_AGGRESSIVE;
				GCC_WARN_UNUSED_FUNCTION = YES;
				GCC_WARN_UNUSED_VARIABLE = YES;
				IPHONEOS_DEPLOYMENT_TARGET = 10.3;
				MTL_ENABLE_DEBUG_INFO = YES;
				ONLY_ACTIVE_ARCH = YES;
				SDKROOT = iphoneos;
				SWIFT_ACTIVE_COMPILATION_CONDITIONS = DEBUG;
				SWIFT_OPTIMIZATION_LEVEL = "-Onone";
			};
			name = Debug;
		};
		99EA279E1FBA79E0000D5B9A /* Release */ = {
			isa = XCBuildConfiguration;
			buildSettings = {
				ALWAYS_SEARCH_USER_PATHS = NO;
				CLANG_ANALYZER_NONNULL = YES;
				CLANG_ANALYZER_NUMBER_OBJECT_CONVERSION = YES_AGGRESSIVE;
				CLANG_CXX_LANGUAGE_STANDARD = "gnu++14";
				CLANG_CXX_LIBRARY = "libc++";
				CLANG_ENABLE_MODULES = YES;
				CLANG_ENABLE_OBJC_ARC = YES;
				CLANG_WARN_BLOCK_CAPTURE_AUTORELEASING = YES;
				CLANG_WARN_BOOL_CONVERSION = YES;
				CLANG_WARN_COMMA = YES;
				CLANG_WARN_CONSTANT_CONVERSION = YES;
				CLANG_WARN_DIRECT_OBJC_ISA_USAGE = YES_ERROR;
				CLANG_WARN_DOCUMENTATION_COMMENTS = YES;
				CLANG_WARN_EMPTY_BODY = YES;
				CLANG_WARN_ENUM_CONVERSION = YES;
				CLANG_WARN_INFINITE_RECURSION = YES;
				CLANG_WARN_INT_CONVERSION = YES;
				CLANG_WARN_NON_LITERAL_NULL_CONVERSION = YES;
				CLANG_WARN_OBJC_LITERAL_CONVERSION = YES;
				CLANG_WARN_OBJC_ROOT_CLASS = YES_ERROR;
				CLANG_WARN_RANGE_LOOP_ANALYSIS = YES;
				CLANG_WARN_STRICT_PROTOTYPES = YES;
				CLANG_WARN_SUSPICIOUS_MOVE = YES;
				CLANG_WARN_UNGUARDED_AVAILABILITY = YES_AGGRESSIVE;
				CLANG_WARN_UNREACHABLE_CODE = YES;
				CLANG_WARN__DUPLICATE_METHOD_MATCH = YES;
				CODE_SIGN_IDENTITY = "iPhone Developer";
				COPY_PHASE_STRIP = NO;
				DEBUG_INFORMATION_FORMAT = "dwarf-with-dsym";
				ENABLE_NS_ASSERTIONS = NO;
				ENABLE_STRICT_OBJC_MSGSEND = YES;
				GCC_C_LANGUAGE_STANDARD = gnu11;
				GCC_NO_COMMON_BLOCKS = YES;
				GCC_WARN_64_TO_32_BIT_CONVERSION = YES;
				GCC_WARN_ABOUT_RETURN_TYPE = YES_ERROR;
				GCC_WARN_UNDECLARED_SELECTOR = YES;
				GCC_WARN_UNINITIALIZED_AUTOS = YES_AGGRESSIVE;
				GCC_WARN_UNUSED_FUNCTION = YES;
				GCC_WARN_UNUSED_VARIABLE = YES;
				IPHONEOS_DEPLOYMENT_TARGET = 10.3;
				MTL_ENABLE_DEBUG_INFO = NO;
				SDKROOT = iphoneos;
				SWIFT_OPTIMIZATION_LEVEL = "-Owholemodule";
				VALIDATE_PRODUCT = YES;
			};
			name = Release;
		};
		99EA27A01FBA79E0000D5B9A /* Debug */ = {
			isa = XCBuildConfiguration;
			baseConfigurationReference = EE700991C2C1962B853D9C93 /* Pods-whatsThat.debug.xcconfig */;
			buildSettings = {
				ASSETCATALOG_COMPILER_APPICON_NAME = AppIcon;
				CODE_SIGN_STYLE = Automatic;
				DEVELOPMENT_TEAM = 6LN2UC3YT6;
				INFOPLIST_FILE = whatsThat/Info.plist;
				LD_RUNPATH_SEARCH_PATHS = "$(inherited) @executable_path/Frameworks";
				PRODUCT_BUNDLE_IDENTIFIER = edu.gwu.whatsThattt;
				PRODUCT_NAME = "$(TARGET_NAME)";
				SWIFT_VERSION = 4.0;
				TARGETED_DEVICE_FAMILY = "1,2";
			};
			name = Debug;
		};
		99EA27A11FBA79E0000D5B9A /* Release */ = {
			isa = XCBuildConfiguration;
			baseConfigurationReference = A733EEA05662CE1D329837A1 /* Pods-whatsThat.release.xcconfig */;
			buildSettings = {
				ASSETCATALOG_COMPILER_APPICON_NAME = AppIcon;
				CODE_SIGN_STYLE = Automatic;
				DEVELOPMENT_TEAM = 6LN2UC3YT6;
				INFOPLIST_FILE = whatsThat/Info.plist;
				LD_RUNPATH_SEARCH_PATHS = "$(inherited) @executable_path/Frameworks";
				PRODUCT_BUNDLE_IDENTIFIER = edu.gwu.whatsThattt;
				PRODUCT_NAME = "$(TARGET_NAME)";
				SWIFT_VERSION = 4.0;
				TARGETED_DEVICE_FAMILY = "1,2";
			};
			name = Release;
		};
/* End XCBuildConfiguration section */

/* Begin XCConfigurationList section */
		99EA27881FBA79E0000D5B9A /* Build configuration list for PBXProject "whatsThat" */ = {
			isa = XCConfigurationList;
			buildConfigurations = (
				99EA279D1FBA79E0000D5B9A /* Debug */,
				99EA279E1FBA79E0000D5B9A /* Release */,
			);
			defaultConfigurationIsVisible = 0;
			defaultConfigurationName = Release;
		};
		99EA279F1FBA79E0000D5B9A /* Build configuration list for PBXNativeTarget "whatsThat" */ = {
			isa = XCConfigurationList;
			buildConfigurations = (
				99EA27A01FBA79E0000D5B9A /* Debug */,
				99EA27A11FBA79E0000D5B9A /* Release */,
			);
			defaultConfigurationIsVisible = 0;
			defaultConfigurationName = Release;
		};
/* End XCConfigurationList section */
	};
	rootObject = 99EA27851FBA79E0000D5B9A /* Project object */;
}
